{
  "name": "shopware-carve-administration",
  "version": "0.1.0",
  "lockfileVersion": 3,
  "requires": true,
  "packages": {
    "": {
      "name": "shopware-carve-administration",
      "version": "0.1.0",
      "dependencies": {
        "@markup-carve/carve": "^0.1.0"
      }
    },
    "node_modules/@markup-carve/carve": {
      "version": "0.1.4",
      "resolved": "https://registry.npmjs.org/@markup-carve/carve/-/carve-0.1.4.tgz",
      "integrity": "sha512-y8P3OZWvuDbo/n+MqWeEvklo+WOukJVjkUetZ7V153TS6snkvUm/NOuSjQRG2rSaiswS5fGhZ8hRra24MwfLQg==",
      "license": "MIT",
      "dependencies": {
        "parse5": "^7.3.0"
      },
      "bin": {
        "carve": "dist/cli.js"
      },
      "engines": {
        "node": ">=20"
      },
      "peerDependencies": {
        "@djot/djot": "^0.3.2"
      },
      "peerDependenciesMeta": {
        "@djot/djot": {
          "optional": true
        }
      }
    },
    "node_modules/entities": {
      "version": "6.0.1",
      "resolved": "https://registry.npmjs.org/entities/-/entities-6.0.1.tgz",
      "integrity": "sha512-aN97NXWF6AWBTahfVOIrB/NShkzi5H7F9r1s9mD3cDj4Ko5f2qhhVoYMibXF7GlLveb/D2ioWay8lxI97Ven3g==",
      "license": "BSD-2-Clause",
      "engines": {
        "node": ">=0.12"
      },
      "funding": {
        "url": "https://github.com/fb55/entities?sponsor=1"
      }
    },
    "node_modules/parse5": {
      "version": "7.3.0",
      "resolved": "https://registry.npmjs.org/parse5/-/parse5-7.3.0.tgz",
      "integrity": "sha512-IInvU7fabl34qmi9gY8XOVxhYyMyuH2xUNpb2q8/Y+7552KlejkRvqvD19nMoUW/uQGGbqNpA6Tufu5FL5BZgw==",
      "license": "MIT",
      "dependencies": {
        "entities": "^6.0.0"
      },
      "funding": {
        "url": "https://github.com/inikulin/parse5?sponsor=1"
      }
    }
  }
}
